# This file is autogenerated, do not edit; changes may be undone by the next 'dep ensure'.


[[projects]]
  digest = "1:efc1375872ec278a98d9b9200bb93ffc7f0713ce5fb7ca8ca0609bedb8b72ef3"
  name = "github.com/emersion/go-imap"
  packages = [
    ".",
    "client",
    "commands",
    "responses",
    "utf7",
  ]
  pruneopts = "UT"
  revision = "840b16b212bff35b595e708937c6d60861cfab49"
  version = "v0.9"

[[projects]]
  branch = "master"
  digest = "1:ea9abd40a8e1adf1f64ceba714b6551c23f8946d414fe64a1af58101b581fa4f"
  name = "github.com/emersion/go-sasl"
  packages = ["."]
  pruneopts = "UT"
  revision = "63aa71ca65a3c4487efe56ad9818583360152f06"

[[projects]]
  branch = "master"
  digest = "1:d287b3e43535d18dc520ac0c8d98a4eb5cd0aea0317041357834a7f17bc9060e"
  name = "github.com/hinoshiba/goctx"
  packages = ["."]
  pruneopts = "UT"
  revision = "1425eb99ed67776e58e0bbb1225007128a431b62"

[[projects]]
  branch = "master"
  digest = "1:bbe51412d9915d64ffaa96b51d409e070665efc5194fcf145c4a27d4133107a4"
  name = "golang.org/x/crypto"
  packages = ["ssh/terminal"]
  pruneopts = "UT"
  revision = "22d7a77e9e5f409e934ed268692e56707cd169e5"

[[projects]]
  branch = "master"
  digest = "1:ed12b66f91f04a5101a0f635bdfc99d6c56a9f0e10e1f7557922a2e8551ab55b"
  name = "golang.org/x/sys"
  packages = [
    "unix",
    "windows",
  ]
  pruneopts = "UT"
  revision = "61b9204099cb1bebc803c9ffb9b2d3acd9d457d9"

[[projects]]
  digest = "1:cc38c2209a6c1f94debdfd96934865a258eac2f905a8d3f8fd56e7d0cfb85edd"
  name = "golang.org/x/text"
  packages = [
    "encoding",
    "encoding/internal/identifier",
    "internal/gen",
    "transform",
    "unicode/cldr",
  ]
  pruneopts = "UT"
  revision = "342b2e1fbaa52c93f31447ad2c6abc048c63e475"
  version = "v0.3.2"

[solve-meta]
  analyzer-name = "dep"
  analyzer-version = 1
  input-imports = [
    "github.com/emersion/go-imap",
    "github.com/emersion/go-imap/client",
    "github.com/hinoshiba/goctx",
    "golang.org/x/crypto/ssh/terminal",
  ]
  solver-name = "gps-cdcl"
  solver-version = 1
